
Microsoft Visual Studio Solution File, Format Version 12.00
# Visual Studio 15
VisualStudioVersion = 15.0.28307.329
MinimumVisualStudioVersion = 10.0.40219.1
Project("{9A19103F-16F7-4668-BE54-9A1E7A4F7556}") = "BeepBackend", "BeepBackend\BeepBackend.csproj", "{1C9F5C1C-9DA5-4BA4-80B7-579052B2D120}"
EndProject
Project("{FAE04EC0-301F-11D3-BF4B-00C04F79EFBC}") = "UnitTests", "UnitTests\UnitTests.csproj", "{47B07102-C1E1-42A9-A8F5-CB13ADB7C0B3}"
EndProject
Global
	GlobalSection(SolutionConfigurationPlatforms) = preSolution
		Debug|Any CPU = Debug|Any CPU
		Release|Any CPU = Release|Any CPU
	EndGlobalSection
	GlobalSection(ProjectConfigurationPlatforms) = postSolution
		{1C9F5C1C-9DA5-4BA4-80B7-579052B2D120}.Debug|Any CPU.ActiveCfg = Debug|Any CPU
		{1C9F5C1C-9DA5-4BA4-80B7-579052B2D120}.Debug|Any CPU.Build.0 = Debug|Any CPU
		{1C9F5C1C-9DA5-4BA4-80B7-579052B2D120}.Release|Any CPU.ActiveCfg = Release|Any CPU
		{1C9F5C1C-9DA5-4BA4-80B7-579052B2D120}.Release|Any CPU.Build.0 = Release|Any CPU
		{47B07102-C1E1-42A9-A8F5-CB13ADB7C0B3}.Debug|Any CPU.ActiveCfg = Debug|Any CPU
		{47B07102-C1E1-42A9-A8F5-CB13ADB7C0B3}.Debug|Any CPU.Build.0 = Debug|Any CPU
		{47B07102-C1E1-42A9-A8F5-CB13ADB7C0B3}.Release|Any CPU.ActiveCfg = Release|Any CPU
		{47B07102-C1E1-42A9-A8F5-CB13ADB7C0B3}.Release|Any CPU.Build.0 = Release|Any CPU
	EndGlobalSection
	GlobalSection(SolutionProperties) = preSolution
		HideSolutionNode = FALSE
	EndGlobalSection
	GlobalSection(ExtensibilityGlobals) = postSolution
		SolutionGuid = {EC007C2B-ACD3-4872-8673-15CFF2BBFDE5}
	EndGlobalSection
EndGlobal
